
Microsoft Visual Studio Solution File, Format Version 12.00
# Visual Studio 14
VisualStudioVersion = 14.0.25420.1
MinimumVisualStudioVersion = 10.0.40219.1
Project("{FAE04EC0-301F-11D3-BF4B-00C04F79EFBC}") = "Proyecto", "Proyecto\Proyecto.csproj", "{C6FCD252-D606-4965-AE31-BD2114FC500E}"
EndProject
Global
	GlobalSection(SolutionConfigurationPlatforms) = preSolution
		Debug|Any CPU = Debug|Any CPU
		Release|Any CPU = Release|Any CPU
	EndGlobalSection
	GlobalSection(ProjectConfigurationPlatforms) = postSolution
		{C6FCD252-D606-4965-AE31-BD2114FC500E}.Debug|Any CPU.ActiveCfg = Debug|Any CPU
		{C6FCD252-D606-4965-AE31-BD2114FC500E}.Debug|Any CPU.Build.0 = Debug|Any CPU
		{C6FCD252-D606-4965-AE31-BD2114FC500E}.Release|Any CPU.ActiveCfg = Release|Any CPU
		{C6FCD252-D606-4965-AE31-BD2114FC500E}.Release|Any CPU.Build.0 = Release|Any CPU
	EndGlobalSection
	GlobalSection(SolutionProperties) = preSolution
		HideSolutionNode = FALSE
	EndGlobalSection
EndGlobal
